
Microsoft Visual Studio Solution File, Format Version 12.00
# Visual Studio Version 17
VisualStudioVersion = 17.0.31903.59
MinimumVisualStudioVersion = 10.0.40219.1
Project("{FAE04EC0-301F-11D3-BF4B-00C04F79EFBC}") = "00-HelloWorld", "00-HelloWorld\00-HelloWorld.csproj", "{26F5EC0A-C4F7-41D0-998C-B46A00C3DB09}"
EndProject
Project("{FAE04EC0-301F-11D3-BF4B-00C04F79EFBC}") = "01-StartupApp", "01-StartupApp\01-StartupApp.csproj", "{7FE305B4-6D1F-47B6-B83F-672ADC61D017}"
EndProject
Project("{FAE04EC0-301F-11D3-BF4B-00C04F79EFBC}") = "02-OpenAI_Demo", "02-OpenAI_Demo\02-OpenAI_Demo.csproj", "{218FC918-9F04-40B1-AB15-9EBF8369672F}"
EndProject
Project("{FAE04EC0-301F-11D3-BF4B-00C04F79EFBC}") = "03-DeepSeek", "03-DeepSeek\03-DeepSeek.csproj", "{8F4A3F05-F3AB-4928-AC84-E47487A4048C}"
EndProject
Project("{FAE04EC0-301F-11D3-BF4B-00C04F79EFBC}") = "04-GitHub", "04-GitHub\04-GitHub.csproj", "{4B959C43-F7FD-4D6B-BB3D-88508EEA75DC}"
EndProject
Project("{FAE04EC0-301F-11D3-BF4B-00C04F79EFBC}") = "05-HuggingFace", "05-HuggingFace\05-HuggingFace.csproj", "{B739C843-FC83-4E32-BC9F-5117057328CB}"
EndProject
Project("{FAE04EC0-301F-11D3-BF4B-00C04F79EFBC}") = "06-Plugins", "06-Plugins\06-Plugins.csproj", "{86B820B5-CD61-49B3-A901-7076FB6703B3}"
EndProject
Project("{FAE04EC0-301F-11D3-BF4B-00C04F79EFBC}") = "07-FoundryLocal", "07-FoundryLocal\07-FoundryLocal.csproj", "{BE2A9942-77F1-4961-8C19-B62BC9662176}"
EndProject
Project("{FAE04EC0-301F-11D3-BF4B-00C04F79EFBC}") = "08-Ollama", "08-Ollama\08-Ollama.csproj", "{4D5F6B8F-5D43-4242-82E1-7FD8E8E6A3C6}"
EndProject
Project("{FAE04EC0-301F-11D3-BF4B-00C04F79EFBC}") = "09-dockerModelRuner", "09-dockerModelRuner\09-dockerModelRuner.csproj", "{A2CEE47E-2F57-4097-B021-8FD0C111934C}"
EndProject
Project("{FAE04EC0-301F-11D3-BF4B-00C04F79EFBC}") = "10-RAG", "10-RAG\10-RAG.csproj", "{08E0860F-D990-42C9-B20E-EA28E9675B5F}"
EndProject
Project("{FAE04EC0-301F-11D3-BF4B-00C04F79EFBC}") = "11-One_Agent", "11-One_Agent\11-One_Agent.csproj", "{FA47B4E3-A76E-4902-AC15-043F79F27596}"
EndProject
Project("{FAE04EC0-301F-11D3-BF4B-00C04F79EFBC}") = "12-Multi_Agents", "12-Multi_Agents\12-Multi_Agents.csproj", "{7A8B212A-E59A-4C91-8CC1-50F09F51A93D}"
EndProject
Project("{FAE04EC0-301F-11D3-BF4B-00C04F79EFBC}") = "TahubuAPI_Sample", "TahubuAPI_Sample\TahubuAPI_Sample.csproj", "{F008E70C-8F56-40CA-8E11-00FDEADB5884}"
EndProject
Project("{FAE04EC0-301F-11D3-BF4B-00C04F79EFBC}") = "13-BahiaResort_MultiAgents", "13-BahiaResort_MultiAgents\13-BahiaResort_MultiAgents.csproj", "{3CFFB6A3-4506-41DD-A0EC-AEABF2900BB8}"
EndProject
Project("{FAE04EC0-301F-11D3-BF4B-00C04F79EFBC}") = "14-OnePlugin", "14-OnePlugin\14-OnePlugin.csproj", "{645DFD24-1CAA-4154-9093-7A5D6481C516}"
EndProject
Project("{FAE04EC0-301F-11D3-BF4B-00C04F79EFBC}") = "15-MCP", "15-MCP\15-MCP.csproj", "{B16516B3-6C7E-4FB3-B8C5-F5113A509539}"
EndProject
Global
	GlobalSection(SolutionConfigurationPlatforms) = preSolution
		Debug|Any CPU = Debug|Any CPU
		Debug|x64 = Debug|x64
		Debug|x86 = Debug|x86
		Release|Any CPU = Release|Any CPU
		Release|x64 = Release|x64
		Release|x86 = Release|x86
	EndGlobalSection
	GlobalSection(ProjectConfigurationPlatforms) = postSolution
		{26F5EC0A-C4F7-41D0-998C-B46A00C3DB09}.Debug|Any CPU.ActiveCfg = Debug|Any CPU
		{26F5EC0A-C4F7-41D0-998C-B46A00C3DB09}.Debug|Any CPU.Build.0 = Debug|Any CPU
		{26F5EC0A-C4F7-41D0-998C-B46A00C3DB09}.Debug|x64.ActiveCfg = Debug|Any CPU
		{26F5EC0A-C4F7-41D0-998C-B46A00C3DB09}.Debug|x64.Build.0 = Debug|Any CPU
		{26F5EC0A-C4F7-41D0-998C-B46A00C3DB09}.Debug|x86.ActiveCfg = Debug|Any CPU
		{26F5EC0A-C4F7-41D0-998C-B46A00C3DB09}.Debug|x86.Build.0 = Debug|Any CPU
		{26F5EC0A-C4F7-41D0-998C-B46A00C3DB09}.Release|Any CPU.ActiveCfg = Release|Any CPU
		{26F5EC0A-C4F7-41D0-998C-B46A00C3DB09}.Release|Any CPU.Build.0 = Release|Any CPU
		{26F5EC0A-C4F7-41D0-998C-B46A00C3DB09}.Release|x64.ActiveCfg = Release|Any CPU
		{26F5EC0A-C4F7-41D0-998C-B46A00C3DB09}.Release|x64.Build.0 = Release|Any CPU
		{26F5EC0A-C4F7-41D0-998C-B46A00C3DB09}.Release|x86.ActiveCfg = Release|Any CPU
		{26F5EC0A-C4F7-41D0-998C-B46A00C3DB09}.Release|x86.Build.0 = Release|Any CPU
		{7FE305B4-6D1F-47B6-B83F-672ADC61D017}.Debug|Any CPU.ActiveCfg = Debug|Any CPU
		{7FE305B4-6D1F-47B6-B83F-672ADC61D017}.Debug|Any CPU.Build.0 = Debug|Any CPU
		{7FE305B4-6D1F-47B6-B83F-672ADC61D017}.Debug|x64.ActiveCfg = Debug|Any CPU
		{7FE305B4-6D1F-47B6-B83F-672ADC61D017}.Debug|x64.Build.0 = Debug|Any CPU
		{7FE305B4-6D1F-47B6-B83F-672ADC61D017}.Debug|x86.ActiveCfg = Debug|Any CPU
		{7FE305B4-6D1F-47B6-B83F-672ADC61D017}.Debug|x86.Build.0 = Debug|Any CPU
		{7FE305B4-6D1F-47B6-B83F-672ADC61D017}.Release|Any CPU.ActiveCfg = Release|Any CPU
		{7FE305B4-6D1F-47B6-B83F-672ADC61D017}.Release|Any CPU.Build.0 = Release|Any CPU
		{7FE305B4-6D1F-47B6-B83F-672ADC61D017}.Release|x64.ActiveCfg = Release|Any CPU
		{7FE305B4-6D1F-47B6-B83F-672ADC61D017}.Release|x64.Build.0 = Release|Any CPU
		{7FE305B4-6D1F-47B6-B83F-672ADC61D017}.Release|x86.ActiveCfg = Release|Any CPU
		{7FE305B4-6D1F-47B6-B83F-672ADC61D017}.Release|x86.Build.0 = Release|Any CPU
		{218FC918-9F04-40B1-AB15-9EBF8369672F}.Debug|Any CPU.ActiveCfg = Debug|Any CPU
		{218FC918-9F04-40B1-AB15-9EBF8369672F}.Debug|Any CPU.Build.0 = Debug|Any CPU
		{218FC918-9F04-40B1-AB15-9EBF8369672F}.Debug|x64.ActiveCfg = Debug|Any CPU
		{218FC918-9F04-40B1-AB15-9EBF8369672F}.Debug|x64.Build.0 = Debug|Any CPU
		{218FC918-9F04-40B1-AB15-9EBF8369672F}.Debug|x86.ActiveCfg = Debug|Any CPU
		{218FC918-9F04-40B1-AB15-9EBF8369672F}.Debug|x86.Build.0 = Debug|Any CPU
		{218FC918-9F04-40B1-AB15-9EBF8369672F}.Release|Any CPU.ActiveCfg = Release|Any CPU
		{218FC918-9F04-40B1-AB15-9EBF8369672F}.Release|Any CPU.Build.0 = Release|Any CPU
		{218FC918-9F04-40B1-AB15-9EBF8369672F}.Release|x64.ActiveCfg = Release|Any CPU
		{218FC918-9F04-40B1-AB15-9EBF8369672F}.Release|x64.Build.0 = Release|Any CPU
		{218FC918-9F04-40B1-AB15-9EBF8369672F}.Release|x86.ActiveCfg = Release|Any CPU
		{218FC918-9F04-40B1-AB15-9EBF8369672F}.Release|x86.Build.0 = Release|Any CPU
		{8F4A3F05-F3AB-4928-AC84-E47487A4048C}.Debug|Any CPU.ActiveCfg = Debug|Any CPU
		{8F4A3F05-F3AB-4928-AC84-E47487A4048C}.Debug|Any CPU.Build.0 = Debug|Any CPU
		{8F4A3F05-F3AB-4928-AC84-E47487A4048C}.Debug|x64.ActiveCfg = Debug|Any CPU
		{8F4A3F05-F3AB-4928-AC84-E47487A4048C}.Debug|x64.Build.0 = Debug|Any CPU
		{8F4A3F05-F3AB-4928-AC84-E47487A4048C}.Debug|x86.ActiveCfg = Debug|Any CPU
		{8F4A3F05-F3AB-4928-AC84-E47487A4048C}.Debug|x86.Build.0 = Debug|Any CPU
		{8F4A3F05-F3AB-4928-AC84-E47487A4048C}.Release|Any CPU.ActiveCfg = Release|Any CPU
		{8F4A3F05-F3AB-4928-AC84-E47487A4048C}.Release|Any CPU.Build.0 = Release|Any CPU
		{8F4A3F05-F3AB-4928-AC84-E47487A4048C}.Release|x64.ActiveCfg = Release|Any CPU
		{8F4A3F05-F3AB-4928-AC84-E47487A4048C}.Release|x64.Build.0 = Release|Any CPU
		{8F4A3F05-F3AB-4928-AC84-E47487A4048C}.Release|x86.ActiveCfg = Release|Any CPU
		{8F4A3F05-F3AB-4928-AC84-E47487A4048C}.Release|x86.Build.0 = Release|Any CPU
		{4B959C43-F7FD-4D6B-BB3D-88508EEA75DC}.Debug|Any CPU.ActiveCfg = Debug|Any CPU
		{4B959C43-F7FD-4D6B-BB3D-88508EEA75DC}.Debug|Any CPU.Build.0 = Debug|Any CPU
		{4B959C43-F7FD-4D6B-BB3D-88508EEA75DC}.Debug|x64.ActiveCfg = Debug|Any CPU
		{4B959C43-F7FD-4D6B-BB3D-88508EEA75DC}.Debug|x64.Build.0 = Debug|Any CPU
		{4B959C43-F7FD-4D6B-BB3D-88508EEA75DC}.Debug|x86.ActiveCfg = Debug|Any CPU
		{4B959C43-F7FD-4D6B-BB3D-88508EEA75DC}.Debug|x86.Build.0 = Debug|Any CPU
		{4B959C43-F7FD-4D6B-BB3D-88508EEA75DC}.Release|Any CPU.ActiveCfg = Release|Any CPU
		{4B959C43-F7FD-4D6B-BB3D-88508EEA75DC}.Release|Any CPU.Build.0 = Release|Any CPU
		{4B959C43-F7FD-4D6B-BB3D-88508EEA75DC}.Release|x64.ActiveCfg = Release|Any CPU
		{4B959C43-F7FD-4D6B-BB3D-88508EEA75DC}.Release|x64.Build.0 = Release|Any CPU
		{4B959C43-F7FD-4D6B-BB3D-88508EEA75DC}.Release|x86.ActiveCfg = Release|Any CPU
		{4B959C43-F7FD-4D6B-BB3D-88508EEA75DC}.Release|x86.Build.0 = Release|Any CPU
		{B739C843-FC83-4E32-BC9F-5117057328CB}.Debug|Any CPU.ActiveCfg = Debug|Any CPU
		{B739C843-FC83-4E32-BC9F-5117057328CB}.Debug|Any CPU.Build.0 = Debug|Any CPU
		{B739C843-FC83-4E32-BC9F-5117057328CB}.Debug|x64.ActiveCfg = Debug|Any CPU
		{B739C843-FC83-4E32-BC9F-5117057328CB}.Debug|x64.Build.0 = Debug|Any CPU
		{B739C843-FC83-4E32-BC9F-5117057328CB}.Debug|x86.ActiveCfg = Debug|Any CPU
		{B739C843-FC83-4E32-BC9F-5117057328CB}.Debug|x86.Build.0 = Debug|Any CPU
		{B739C843-FC83-4E32-BC9F-5117057328CB}.Release|Any CPU.ActiveCfg = Release|Any CPU
		{B739C843-FC83-4E32-BC9F-5117057328CB}.Release|Any CPU.Build.0 = Release|Any CPU
		{B739C843-FC83-4E32-BC9F-5117057328CB}.Release|x64.ActiveCfg = Release|Any CPU
		{B739C843-FC83-4E32-BC9F-5117057328CB}.Release|x64.Build.0 = Release|Any CPU
		{B739C843-FC83-4E32-BC9F-5117057328CB}.Release|x86.ActiveCfg = Release|Any CPU
		{B739C843-FC83-4E32-BC9F-5117057328CB}.Release|x86.Build.0 = Release|Any CPU
		{86B820B5-CD61-49B3-A901-7076FB6703B3}.Debug|Any CPU.ActiveCfg = Debug|Any CPU
		{86B820B5-CD61-49B3-A901-7076FB6703B3}.Debug|Any CPU.Build.0 = Debug|Any CPU
		{86B820B5-CD61-49B3-A901-7076FB6703B3}.Debug|x64.ActiveCfg = Debug|Any CPU
		{86B820B5-CD61-49B3-A901-7076FB6703B3}.Debug|x64.Build.0 = Debug|Any CPU
		{86B820B5-CD61-49B3-A901-7076FB6703B3}.Debug|x86.ActiveCfg = Debug|Any CPU
		{86B820B5-CD61-49B3-A901-7076FB6703B3}.Debug|x86.Build.0 = Debug|Any CPU
		{86B820B5-CD61-49B3-A901-7076FB6703B3}.Release|Any CPU.ActiveCfg = Release|Any CPU
		{86B820B5-CD61-49B3-A901-7076FB6703B3}.Release|Any CPU.Build.0 = Release|Any CPU
		{86B820B5-CD61-49B3-A901-7076FB6703B3}.Release|x64.ActiveCfg = Release|Any CPU
		{86B820B5-CD61-49B3-A901-7076FB6703B3}.Release|x64.Build.0 = Release|Any CPU
		{86B820B5-CD61-49B3-A901-7076FB6703B3}.Release|x86.ActiveCfg = Release|Any CPU
		{86B820B5-CD61-49B3-A901-7076FB6703B3}.Release|x86.Build.0 = Release|Any CPU
		{BE2A9942-77F1-4961-8C19-B62BC9662176}.Debug|Any CPU.ActiveCfg = Debug|Any CPU
		{BE2A9942-77F1-4961-8C19-B62BC9662176}.Debug|Any CPU.Build.0 = Debug|Any CPU
		{BE2A9942-77F1-4961-8C19-B62BC9662176}.Debug|x64.ActiveCfg = Debug|Any CPU
		{BE2A9942-77F1-4961-8C19-B62BC9662176}.Debug|x64.Build.0 = Debug|Any CPU
		{BE2A9942-77F1-4961-8C19-B62BC9662176}.Debug|x86.ActiveCfg = Debug|Any CPU
		{BE2A9942-77F1-4961-8C19-B62BC9662176}.Debug|x86.Build.0 = Debug|Any CPU
		{BE2A9942-77F1-4961-8C19-B62BC9662176}.Release|Any CPU.ActiveCfg = Release|Any CPU
		{BE2A9942-77F1-4961-8C19-B62BC9662176}.Release|Any CPU.Build.0 = Release|Any CPU
		{BE2A9942-77F1-4961-8C19-B62BC9662176}.Release|x64.ActiveCfg = Release|Any CPU
		{BE2A9942-77F1-4961-8C19-B62BC9662176}.Release|x64.Build.0 = Release|Any CPU
		{BE2A9942-77F1-4961-8C19-B62BC9662176}.Release|x86.ActiveCfg = Release|Any CPU
		{BE2A9942-77F1-4961-8C19-B62BC9662176}.Release|x86.Build.0 = Release|Any CPU
		{4D5F6B8F-5D43-4242-82E1-7FD8E8E6A3C6}.Debug|Any CPU.ActiveCfg = Debug|Any CPU
		{4D5F6B8F-5D43-4242-82E1-7FD8E8E6A3C6}.Debug|Any CPU.Build.0 = Debug|Any CPU
		{4D5F6B8F-5D43-4242-82E1-7FD8E8E6A3C6}.Debug|x64.ActiveCfg = Debug|Any CPU
		{4D5F6B8F-5D43-4242-82E1-7FD8E8E6A3C6}.Debug|x64.Build.0 = Debug|Any CPU
		{4D5F6B8F-5D43-4242-82E1-7FD8E8E6A3C6}.Debug|x86.ActiveCfg = Debug|Any CPU
		{4D5F6B8F-5D43-4242-82E1-7FD8E8E6A3C6}.Debug|x86.Build.0 = Debug|Any CPU
		{4D5F6B8F-5D43-4242-82E1-7FD8E8E6A3C6}.Release|Any CPU.ActiveCfg = Release|Any CPU
		{4D5F6B8F-5D43-4242-82E1-7FD8E8E6A3C6}.Release|Any CPU.Build.0 = Release|Any CPU
		{4D5F6B8F-5D43-4242-82E1-7FD8E8E6A3C6}.Release|x64.ActiveCfg = Release|Any CPU
		{4D5F6B8F-5D43-4242-82E1-7FD8E8E6A3C6}.Release|x64.Build.0 = Release|Any CPU
		{4D5F6B8F-5D43-4242-82E1-7FD8E8E6A3C6}.Release|x86.ActiveCfg = Release|Any CPU
		{4D5F6B8F-5D43-4242-82E1-7FD8E8E6A3C6}.Release|x86.Build.0 = Release|Any CPU
		{A2CEE47E-2F57-4097-B021-8FD0C111934C}.Debug|Any CPU.ActiveCfg = Debug|Any CPU
		{A2CEE47E-2F57-4097-B021-8FD0C111934C}.Debug|Any CPU.Build.0 = Debug|Any CPU
		{A2CEE47E-2F57-4097-B021-8FD0C111934C}.Debug|x64.ActiveCfg = Debug|Any CPU
		{A2CEE47E-2F57-4097-B021-8FD0C111934C}.Debug|x64.Build.0 = Debug|Any CPU
		{A2CEE47E-2F57-4097-B021-8FD0C111934C}.Debug|x86.ActiveCfg = Debug|Any CPU
		{A2CEE47E-2F57-4097-B021-8FD0C111934C}.Debug|x86.Build.0 = Debug|Any CPU
		{A2CEE47E-2F57-4097-B021-8FD0C111934C}.Release|Any CPU.ActiveCfg = Release|Any CPU
		{A2CEE47E-2F57-4097-B021-8FD0C111934C}.Release|Any CPU.Build.0 = Release|Any CPU
		{A2CEE47E-2F57-4097-B021-8FD0C111934C}.Release|x64.ActiveCfg = Release|Any CPU
		{A2CEE47E-2F57-4097-B021-8FD0C111934C}.Release|x64.Build.0 = Release|Any CPU
		{A2CEE47E-2F57-4097-B021-8FD0C111934C}.Release|x86.ActiveCfg = Release|Any CPU
		{A2CEE47E-2F57-4097-B021-8FD0C111934C}.Release|x86.Build.0 = Release|Any CPU
		{08E0860F-D990-42C9-B20E-EA28E9675B5F}.Debug|Any CPU.ActiveCfg = Debug|Any CPU
		{08E0860F-D990-42C9-B20E-EA28E9675B5F}.Debug|Any CPU.Build.0 = Debug|Any CPU
		{08E0860F-D990-42C9-B20E-EA28E9675B5F}.Debug|x64.ActiveCfg = Debug|Any CPU
		{08E0860F-D990-42C9-B20E-EA28E9675B5F}.Debug|x64.Build.0 = Debug|Any CPU
		{08E0860F-D990-42C9-B20E-EA28E9675B5F}.Debug|x86.ActiveCfg = Debug|Any CPU
		{08E0860F-D990-42C9-B20E-EA28E9675B5F}.Debug|x86.Build.0 = Debug|Any CPU
		{08E0860F-D990-42C9-B20E-EA28E9675B5F}.Release|Any CPU.ActiveCfg = Release|Any CPU
		{08E0860F-D990-42C9-B20E-EA28E9675B5F}.Release|Any CPU.Build.0 = Release|Any CPU
		{08E0860F-D990-42C9-B20E-EA28E9675B5F}.Release|x64.ActiveCfg = Release|Any CPU
		{08E0860F-D990-42C9-B20E-EA28E9675B5F}.Release|x64.Build.0 = Release|Any CPU
		{08E0860F-D990-42C9-B20E-EA28E9675B5F}.Release|x86.ActiveCfg = Release|Any CPU
		{08E0860F-D990-42C9-B20E-EA28E9675B5F}.Release|x86.Build.0 = Release|Any CPU
		{FA47B4E3-A76E-4902-AC15-043F79F27596}.Debug|Any CPU.ActiveCfg = Debug|Any CPU
		{FA47B4E3-A76E-4902-AC15-043F79F27596}.Debug|Any CPU.Build.0 = Debug|Any CPU
		{FA47B4E3-A76E-4902-AC15-043F79F27596}.Debug|x64.ActiveCfg = Debug|Any CPU
		{FA47B4E3-A76E-4902-AC15-043F79F27596}.Debug|x64.Build.0 = Debug|Any CPU
		{FA47B4E3-A76E-4902-AC15-043F79F27596}.Debug|x86.ActiveCfg = Debug|Any CPU
		{FA47B4E3-A76E-4902-AC15-043F79F27596}.Debug|x86.Build.0 = Debug|Any CPU
		{FA47B4E3-A76E-4902-AC15-043F79F27596}.Release|Any CPU.ActiveCfg = Release|Any CPU
		{FA47B4E3-A76E-4902-AC15-043F79F27596}.Release|Any CPU.Build.0 = Release|Any CPU
		{FA47B4E3-A76E-4902-AC15-043F79F27596}.Release|x64.ActiveCfg = Release|Any CPU
		{FA47B4E3-A76E-4902-AC15-043F79F27596}.Release|x64.Build.0 = Release|Any CPU
		{FA47B4E3-A76E-4902-AC15-043F79F27596}.Release|x86.ActiveCfg = Release|Any CPU
		{FA47B4E3-A76E-4902-AC15-043F79F27596}.Release|x86.Build.0 = Release|Any CPU
		{7A8B212A-E59A-4C91-8CC1-50F09F51A93D}.Debug|Any CPU.ActiveCfg = Debug|Any CPU
		{7A8B212A-E59A-4C91-8CC1-50F09F51A93D}.Debug|Any CPU.Build.0 = Debug|Any CPU
		{7A8B212A-E59A-4C91-8CC1-50F09F51A93D}.Debug|x64.ActiveCfg = Debug|Any CPU
		{7A8B212A-E59A-4C91-8CC1-50F09F51A93D}.Debug|x64.Build.0 = Debug|Any CPU
		{7A8B212A-E59A-4C91-8CC1-50F09F51A93D}.Debug|x86.ActiveCfg = Debug|Any CPU
		{7A8B212A-E59A-4C91-8CC1-50F09F51A93D}.Debug|x86.Build.0 = Debug|Any CPU
		{7A8B212A-E59A-4C91-8CC1-50F09F51A93D}.Release|Any CPU.ActiveCfg = Release|Any CPU
		{7A8B212A-E59A-4C91-8CC1-50F09F51A93D}.Release|Any CPU.Build.0 = Release|Any CPU
		{7A8B212A-E59A-4C91-8CC1-50F09F51A93D}.Release|x64.ActiveCfg = Release|Any CPU
		{7A8B212A-E59A-4C91-8CC1-50F09F51A93D}.Release|x64.Build.0 = Release|Any CPU
		{7A8B212A-E59A-4C91-8CC1-50F09F51A93D}.Release|x86.ActiveCfg = Release|Any CPU
		{7A8B212A-E59A-4C91-8CC1-50F09F51A93D}.Release|x86.Build.0 = Release|Any CPU
		{F008E70C-8F56-40CA-8E11-00FDEADB5884}.Debug|Any CPU.ActiveCfg = Debug|Any CPU
		{F008E70C-8F56-40CA-8E11-00FDEADB5884}.Debug|Any CPU.Build.0 = Debug|Any CPU
		{F008E70C-8F56-40CA-8E11-00FDEADB5884}.Debug|x64.ActiveCfg = Debug|Any CPU
		{F008E70C-8F56-40CA-8E11-00FDEADB5884}.Debug|x64.Build.0 = Debug|Any CPU
		{F008E70C-8F56-40CA-8E11-00FDEADB5884}.Debug|x86.ActiveCfg = Debug|Any CPU
		{F008E70C-8F56-40CA-8E11-00FDEADB5884}.Debug|x86.Build.0 = Debug|Any CPU
		{F008E70C-8F56-40CA-8E11-00FDEADB5884}.Release|Any CPU.ActiveCfg = Release|Any CPU
		{F008E70C-8F56-40CA-8E11-00FDEADB5884}.Release|Any CPU.Build.0 = Release|Any CPU
		{F008E70C-8F56-40CA-8E11-00FDEADB5884}.Release|x64.ActiveCfg = Release|Any CPU
		{F008E70C-8F56-40CA-8E11-00FDEADB5884}.Release|x64.Build.0 = Release|Any CPU
		{F008E70C-8F56-40CA-8E11-00FDEADB5884}.Release|x86.ActiveCfg = Release|Any CPU
		{F008E70C-8F56-40CA-8E11-00FDEADB5884}.Release|x86.Build.0 = Release|Any CPU
		{3CFFB6A3-4506-41DD-A0EC-AEABF2900BB8}.Debug|Any CPU.ActiveCfg = Debug|Any CPU
		{3CFFB6A3-4506-41DD-A0EC-AEABF2900BB8}.Debug|Any CPU.Build.0 = Debug|Any CPU
		{3CFFB6A3-4506-41DD-A0EC-AEABF2900BB8}.Debug|x64.ActiveCfg = Debug|Any CPU
		{3CFFB6A3-4506-41DD-A0EC-AEABF2900BB8}.Debug|x64.Build.0 = Debug|Any CPU
		{3CFFB6A3-4506-41DD-A0EC-AEABF2900BB8}.Debug|x86.ActiveCfg = Debug|Any CPU
		{3CFFB6A3-4506-41DD-A0EC-AEABF2900BB8}.Debug|x86.Build.0 = Debug|Any CPU
		{3CFFB6A3-4506-41DD-A0EC-AEABF2900BB8}.Release|Any CPU.ActiveCfg = Release|Any CPU
		{3CFFB6A3-4506-41DD-A0EC-AEABF2900BB8}.Release|Any CPU.Build.0 = Release|Any CPU
		{3CFFB6A3-4506-41DD-A0EC-AEABF2900BB8}.Release|x64.ActiveCfg = Release|Any CPU
		{3CFFB6A3-4506-41DD-A0EC-AEABF2900BB8}.Release|x64.Build.0 = Release|Any CPU
		{3CFFB6A3-4506-41DD-A0EC-AEABF2900BB8}.Release|x86.ActiveCfg = Release|Any CPU
		{3CFFB6A3-4506-41DD-A0EC-AEABF2900BB8}.Release|x86.Build.0 = Release|Any CPU
		{645DFD24-1CAA-4154-9093-7A5D6481C516}.Debug|Any CPU.ActiveCfg = Debug|Any CPU
		{645DFD24-1CAA-4154-9093-7A5D6481C516}.Debug|Any CPU.Build.0 = Debug|Any CPU
		{645DFD24-1CAA-4154-9093-7A5D6481C516}.Debug|x64.ActiveCfg = Debug|Any CPU
		{645DFD24-1CAA-4154-9093-7A5D6481C516}.Debug|x64.Build.0 = Debug|Any CPU
		{645DFD24-1CAA-4154-9093-7A5D6481C516}.Debug|x86.ActiveCfg = Debug|Any CPU
		{645DFD24-1CAA-4154-9093-7A5D6481C516}.Debug|x86.Build.0 = Debug|Any CPU
		{645DFD24-1CAA-4154-9093-7A5D6481C516}.Release|Any CPU.ActiveCfg = Release|Any CPU
		{645DFD24-1CAA-4154-9093-7A5D6481C516}.Release|Any CPU.Build.0 = Release|Any CPU
		{645DFD24-1CAA-4154-9093-7A5D6481C516}.Release|x64.ActiveCfg = Release|Any CPU
		{645DFD24-1CAA-4154-9093-7A5D6481C516}.Release|x64.Build.0 = Release|Any CPU
		{645DFD24-1CAA-4154-9093-7A5D6481C516}.Release|x86.ActiveCfg = Release|Any CPU
		{645DFD24-1CAA-4154-9093-7A5D6481C516}.Release|x86.Build.0 = Release|Any CPU
		{B16516B3-6C7E-4FB3-B8C5-F5113A509539}.Debug|Any CPU.ActiveCfg = Debug|Any CPU
		{B16516B3-6C7E-4FB3-B8C5-F5113A509539}.Debug|Any CPU.Build.0 = Debug|Any CPU
		{B16516B3-6C7E-4FB3-B8C5-F5113A509539}.Debug|x64.ActiveCfg = Debug|Any CPU
		{B16516B3-6C7E-4FB3-B8C5-F5113A509539}.Debug|x64.Build.0 = Debug|Any CPU
		{B16516B3-6C7E-4FB3-B8C5-F5113A509539}.Debug|x86.ActiveCfg = Debug|Any CPU
		{B16516B3-6C7E-4FB3-B8C5-F5113A509539}.Debug|x86.Build.0 = Debug|Any CPU
		{B16516B3-6C7E-4FB3-B8C5-F5113A509539}.Release|Any CPU.ActiveCfg = Release|Any CPU
		{B16516B3-6C7E-4FB3-B8C5-F5113A509539}.Release|Any CPU.Build.0 = Release|Any CPU
		{B16516B3-6C7E-4FB3-B8C5-F5113A509539}.Release|x64.ActiveCfg = Release|Any CPU
		{B16516B3-6C7E-4FB3-B8C5-F5113A509539}.Release|x64.Build.0 = Release|Any CPU
		{B16516B3-6C7E-4FB3-B8C5-F5113A509539}.Release|x86.ActiveCfg = Release|Any CPU
		{B16516B3-6C7E-4FB3-B8C5-F5113A509539}.Release|x86.Build.0 = Release|Any CPU
	EndGlobalSection
	GlobalSection(SolutionProperties) = preSolution
		HideSolutionNode = FALSE
	EndGlobalSection
EndGlobal
